
Microsoft Visual Studio Solution File, Format Version 12.00
# Visual Studio Version 16
VisualStudioVersion = 16.0.30011.22
MinimumVisualStudioVersion = 10.0.40219.1
Project("{FAE04EC0-301F-11D3-BF4B-00C04F79EFBC}") = "vuevue", "vuevue\vuevue.csproj", "{114326FB-9FD0-4701-98C9-2ED51B9B32E2}"
EndProject
Global
	GlobalSection(SolutionConfigurationPlatforms) = preSolution
		Debug|Any CPU = Debug|Any CPU
		Release|Any CPU = Release|Any CPU
	EndGlobalSection
	GlobalSection(ProjectConfigurationPlatforms) = postSolution
		{114326FB-9FD0-4701-98C9-2ED51B9B32E2}.Debug|Any CPU.ActiveCfg = Debug|Any CPU
		{114326FB-9FD0-4701-98C9-2ED51B9B32E2}.Debug|Any CPU.Build.0 = Debug|Any CPU
		{114326FB-9FD0-4701-98C9-2ED51B9B32E2}.Release|Any CPU.ActiveCfg = Release|Any CPU
		{114326FB-9FD0-4701-98C9-2ED51B9B32E2}.Release|Any CPU.Build.0 = Release|Any CPU
	EndGlobalSection
	GlobalSection(SolutionProperties) = preSolution
		HideSolutionNode = FALSE
	EndGlobalSection
	GlobalSection(ExtensibilityGlobals) = postSolution
		SolutionGuid = {F89F5D18-8080-452B-B7E4-5C8BFB4B856A}
	EndGlobalSection
EndGlobal
